version = 1
revision = 3
requires-python = ">=3.14"

[[package]]
name = "arxiv-paper"
version = "0.1.0"
source = { virtual = "." }
dependencies = [
    { name = "datetime" },
    { name = "feedparser" },
    { name = "pathlib" },
    { name = "typing" },
]

[package.metadata]
requires-dist = [
    { name = "datetime", specifier = ">=6.0" },
    { name = "feedparser", specifier = ">=6.0.12" },
    { name = "pathlib", specifier = ">=1.0.1" },
    { name = "typing", specifier = ">=3.10.0.0" },
]

[[package]]
name = "datetime"
version = "6.0"
source = { registry = "https://pypi.org/simple" }
dependencies = [
    { name = "pytz" },
    { name = "zope-interface" },
]
sdist = { url = "https://files.pythonhosted.org/packages/77/32/decbfd165e9985ba9d8c2d34a39afe5aeba2fc3fe390eb6e9ef1aab98fa8/datetime-6.0.tar.gz", hash = "sha256:c1514936d2f901e10c8e08d83bf04e6c9dbd7ca4f244da94fec980980a3bc4d5", size = 64167, upload-time = "2025-11-25T08:00:34.586Z" }
wheels = [
    { url = "https://files.pythonhosted.org/packages/cf/7a/ea0f3e3ea74be36fc7cf54f966cde732a3de72697983cdb5646b0a4dacde/datetime-6.0-py3-none-any.whl", hash = "sha256:d19988f0657a4e72c9438344157254a8dcad6aea8cd5ae70a5d1b5a75e5dc930", size = 52637, upload-time = "2025-11-25T08:00:33.077Z" },
]

[[package]]
name = "feedparser"
version = "6.0.12"
source = { registry = "https://pypi.org/simple" }
dependencies = [
    { name = "sgmllib3k" },
]
sdist = { url = "https://files.pythonhosted.org/packages/dc/79/db7edb5e77d6dfbc54d7d9df72828be4318275b2e580549ff45a962f6461/feedparser-6.0.12.tar.gz", hash = "sha256:64f76ce90ae3e8ef5d1ede0f8d3b50ce26bcce71dd8ae5e82b1cd2d4a5f94228", size = 286579, upload-time = "2025-09-10T13:33:59.486Z" }
wheels = [
    { url = "https://files.pythonhosted.org/packages/4e/eb/c96d64137e29ae17d83ad2552470bafe3a7a915e85434d9942077d7fd011/feedparser-6.0.12-py3-none-any.whl", hash = "sha256:6bbff10f5a52662c00a2e3f86a38928c37c48f77b3c511aedcd51de933549324", size = 81480, upload-time = "2025-09-10T13:33:58.022Z" },
]

[[package]]
name = "pathlib"
version = "1.0.1"
source = { registry = "https://pypi.org/simple" }
sdist = { url = "https://files.pythonhosted.org/packages/ac/aa/9b065a76b9af472437a0059f77e8f962fe350438b927cb80184c32f075eb/pathlib-1.0.1.tar.gz", hash = "sha256:6940718dfc3eff4258203ad5021090933e5c04707d5ca8cc9e73c94a7894ea9f", size = 49298, upload-time = "2014-09-03T15:41:57.18Z" }
wheels = [
    { url = "https://files.pythonhosted.org/packages/78/f9/690a8600b93c332de3ab4a344a4ac34f00c8f104917061f779db6a918ed6/pathlib-1.0.1-py3-none-any.whl", hash = "sha256:f35f95ab8b0f59e6d354090350b44a80a80635d22efdedfa84c7ad1cf0a74147", size = 14363, upload-time = "2022-05-04T13:37:20.585Z" },
]

[[package]]
name = "pytz"
version = "2026.1.post1"
source = { registry = "https://pypi.org/simple" }
sdist = { url = "https://files.pythonhosted.org/packages/56/db/b8721d71d945e6a8ac63c0fc900b2067181dbb50805958d4d4661cf7d277/pytz-2026.1.post1.tar.gz", hash = "sha256:3378dde6a0c3d26719182142c56e60c7f9af7e968076f31aae569d72a0358ee1", size = 321088, upload-time = "2026-03-03T07:47:50.683Z" }
wheels = [
    { url = "https://files.pythonhosted.org/packages/10/99/781fe0c827be2742bcc775efefccb3b048a3a9c6ce9aec0cbf4a101677e5/pytz-2026.1.post1-py2.py3-none-any.whl", hash = "sha256:f2fd16142fda348286a75e1a524be810bb05d444e5a081f37f7affc635035f7a", size = 510489, upload-time = "2026-03-03T07:47:49.167Z" },
]

[[package]]
name = "sgmllib3k"
version = "1.0.0"
source = { registry = "https://pypi.org/simple" }
sdist = { url = "https://files.pythonhosted.org/packages/9e/bd/3704a8c3e0942d711c1299ebf7b9091930adae6675d7c8f476a7ce48653c/sgmllib3k-1.0.0.tar.gz", hash = "sha256:7868fb1c8bfa764c1ac563d3cf369c381d1325d36124933a726f29fcdaa812e9", size = 5750, upload-time = "2010-08-24T14:33:52.445Z" }

[[package]]
name = "typing"
version = "3.10.0.0"
source = { registry = "https://pypi.org/simple" }
sdist = { url = "https://files.pythonhosted.org/packages/b0/1b/835d4431805939d2996f8772aca1d2313a57e8860fec0e48e8e7dfe3a477/typing-3.10.0.0.tar.gz", hash = "sha256:13b4ad211f54ddbf93e5901a9967b1e07720c1d1b78d596ac6a439641aa1b130", size = 78962, upload-time = "2021-05-01T18:03:58.186Z" }
wheels = [
    { url = "https://files.pythonhosted.org/packages/f2/5d/865e17349564eb1772688d8afc5e3081a5964c640d64d1d2880ebaed002d/typing-3.10.0.0-py3-none-any.whl", hash = "sha256:12fbdfbe7d6cca1a42e485229afcb0b0c8259258cfb919b8a5e2a5c953742f89", size = 26320, upload-time = "2021-05-01T18:03:56.398Z" },
]

[[package]]
name = "zope-interface"
version = "8.3"
source = { registry = "https://pypi.org/simple" }
sdist = { url = "https://files.pythonhosted.org/packages/c9/04/0b1d92e7d31507c5fbe203d9cc1ae80fb0645688c7af751ea0ec18c2223e/zope_interface-8.3.tar.gz", hash = "sha256:e1a9de7d0b5b5c249a73b91aebf4598ce05e334303af6aa94865893283e9ff10", size = 256822, upload-time = "2026-04-10T06:12:35.036Z" }
wheels = [
    { url = "https://files.pythonhosted.org/packages/8a/d9/95fe0d4d8da09042383c42f239e0106f1019ec86a27ed9f5000e754f6e7a/zope_interface-8.3-cp314-cp314-macosx_10_9_x86_64.whl", hash = "sha256:96f0001b49227d756770fc70ecde49f19332ae98ec98e1bbbf2fd7a87e9d4e45", size = 211979, upload-time = "2026-04-10T06:22:38.628Z" },
    { url = "https://files.pythonhosted.org/packages/f3/01/b6f694444ea1c911a4ea915f4ef066a95e9d1a58256a30c131ec88c3ae64/zope_interface-8.3-cp314-cp314-macosx_11_0_arm64.whl", hash = "sha256:3853bfb808084e1b4a3a769b00bd8b58a52b0c4a4fc5c23de26d283cd8beb627", size = 212038, upload-time = "2026-04-10T06:22:40.475Z" },
    { url = "https://files.pythonhosted.org/packages/f7/cf/237de1fba4f05686bc344eeb035236bd89890679c8211f129f05b5971ccf/zope_interface-8.3-cp314-cp314-manylinux1_i686.manylinux2014_i686.manylinux_2_17_i686.manylinux_2_5_i686.whl", hash = "sha256:33a13acba79ef693fb64ceb6193ece913d39586f184797f133c1bc549da86851", size = 266041, upload-time = "2026-04-10T06:22:42.093Z" },
    { url = "https://files.pythonhosted.org/packages/58/5f/df85b1ff5626d7f05231e69b7efd38bdc2c82ca363495e0bb112aaf655b3/zope_interface-8.3-cp314-cp314-manylinux1_x86_64.manylinux2014_x86_64.manylinux_2_17_x86_64.manylinux_2_5_x86_64.whl", hash = "sha256:e9f7e4b46741a11a9e1fab8b68710f08dec700e9f1b877cdca02480fbebe4846", size = 269094, upload-time = "2026-04-10T06:22:43.832Z" },
    { url = "https://files.pythonhosted.org/packages/5f/10/7ad1ff9c514fe38b176fc1271967c453074eb386a4515bd3b957c485f3a8/zope_interface-8.3-cp314-cp314-manylinux2014_aarch64.manylinux_2_17_aarch64.whl", hash = "sha256:8ce49d43366e12aeccd14fcaebb3ef110f50f5795e0d4a95383ea057365cedf2", size = 269413, upload-time = "2026-04-10T06:22:45.573Z" },
    { url = "https://files.pythonhosted.org/packages/38/42/3b0b5edee7801e0dd5c42c2c9bb4ec8bec430a6628462eb1315db76a7954/zope_interface-8.3-cp314-cp314-win_amd64.whl", hash = "sha256:301db4049c79a15a3b29d89795e150daf0e9ae701404b112ad6585ea863f6ef5", size = 215170, upload-time = "2026-04-10T06:22:47.115Z" },
]
